
Microsoft Visual Studio Solution File, Format Version 12.00
# Visual Studio Version 17
VisualStudioVersion = 17.13.35818.85 d17.13
MinimumVisualStudioVersion = 10.0.40219.1
Project("{8BC9CEB8-8B4A-11D0-8D11-00A0C91BC942}") = "CalculatorQt", "CalculatorQt.vcxproj", "{CD77FB0F-60EB-417C-8FC2-77C1BB141A1A}"
EndProject
Global
	GlobalSection(SolutionConfigurationPlatforms) = preSolution
		Debug|x64 = Debug|x64
		Release|x64 = Release|x64
	EndGlobalSection
	GlobalSection(ProjectConfigurationPlatforms) = postSolution
		{CD77FB0F-60EB-417C-8FC2-77C1BB141A1A}.Debug|x64.ActiveCfg = Debug|x64
		{CD77FB0F-60EB-417C-8FC2-77C1BB141A1A}.Debug|x64.Build.0 = Debug|x64
		{CD77FB0F-60EB-417C-8FC2-77C1BB141A1A}.Release|x64.ActiveCfg = Release|x64
		{CD77FB0F-60EB-417C-8FC2-77C1BB141A1A}.Release|x64.Build.0 = Release|x64
	EndGlobalSection
	GlobalSection(SolutionProperties) = preSolution
		HideSolutionNode = FALSE
	EndGlobalSection
	GlobalSection(ExtensibilityGlobals) = postSolution
		SolutionGuid = {790F6822-B4A3-4A72-B778-26EA4230E304}
	EndGlobalSection
EndGlobal
